
Microsoft Visual Studio Solution File, Format Version 12.00
# Visual Studio Version 16
VisualStudioVersion = 16.0.29001.49
MinimumVisualStudioVersion = 10.0.40219.1
Project("{2150E333-8FDC-42A3-9474-1A3956D46DE8}") = "Solution Items", "Solution Items", "{59EB79E0-59CE-4785-BED1-EA3C1B96E0DB}"
	ProjectSection(SolutionItems) = preProject
		.gitignore = .gitignore
	EndProjectSection
EndProject
Project("{6EC3EE1D-3C4E-46DD-8F32-0CC8E7565705}") = "RecipeChangeTracker", "RecipeChangeTracker\RecipeChangeTracker.fsproj", "{E83F23C0-74D2-43AF-B56F-EA8F1D6CCD13}"
EndProject
Project("{6EC3EE1D-3C4E-46DD-8F32-0CC8E7565705}") = "RecipeChangeTracker.Tests", "RecipeChangeTracker.Tests\RecipeChangeTracker.Tests.fsproj", "{E84D7F11-7EED-4E70-9D8D-6C700FA65FC9}"
EndProject
Project("{6EC3EE1D-3C4E-46DD-8F32-0CC8E7565705}") = "RecipeChangeTracker.Firestore", "RecipeChangeTracker.Firestore\RecipeChangeTracker.Firestore.fsproj", "{1A5C6E93-FF00-40AE-B3DD-2940B4CA93F5}"
EndProject
Project("{6EC3EE1D-3C4E-46DD-8F32-0CC8E7565705}") = "RecipeChangeTracker.CLI", "RecipeChangeTracker.CLI\RecipeChangeTracker.CLI.fsproj", "{64E67991-6846-4B33-BFCB-AF988CC8C83A}"
EndProject
Project("{6EC3EE1D-3C4E-46DD-8F32-0CC8E7565705}") = "RecipeChangeTracker.API", "RecipeChangeTracker.API\RecipeChangeTracker.API.fsproj", "{8A65AAF7-0E15-48C4-9BA8-5E994B81DFE7}"
EndProject
Project("{2150E333-8FDC-42A3-9474-1A3956D46DE8}") = "FsFirestore", "FsFirestore", "{DC6A907A-FB22-4AA9-8333-BF4DB04EE2E8}"
EndProject
Project("{F2A71F9B-5D33-465A-A702-920D77279786}") = "FsFirestore", "FsFirestore\FsFirestore\FsFirestore.fsproj", "{0D453FD1-CCBA-42FC-8DC5-A5991EBE8117}"
EndProject
Global
	GlobalSection(SolutionConfigurationPlatforms) = preSolution
		Debug|Any CPU = Debug|Any CPU
		Release|Any CPU = Release|Any CPU
	EndGlobalSection
	GlobalSection(ProjectConfigurationPlatforms) = postSolution
		{E83F23C0-74D2-43AF-B56F-EA8F1D6CCD13}.Debug|Any CPU.ActiveCfg = Debug|Any CPU
		{E83F23C0-74D2-43AF-B56F-EA8F1D6CCD13}.Debug|Any CPU.Build.0 = Debug|Any CPU
		{E83F23C0-74D2-43AF-B56F-EA8F1D6CCD13}.Release|Any CPU.ActiveCfg = Release|Any CPU
		{E83F23C0-74D2-43AF-B56F-EA8F1D6CCD13}.Release|Any CPU.Build.0 = Release|Any CPU
		{E84D7F11-7EED-4E70-9D8D-6C700FA65FC9}.Debug|Any CPU.ActiveCfg = Debug|Any CPU
		{E84D7F11-7EED-4E70-9D8D-6C700FA65FC9}.Debug|Any CPU.Build.0 = Debug|Any CPU
		{E84D7F11-7EED-4E70-9D8D-6C700FA65FC9}.Release|Any CPU.ActiveCfg = Release|Any CPU
		{E84D7F11-7EED-4E70-9D8D-6C700FA65FC9}.Release|Any CPU.Build.0 = Release|Any CPU
		{1A5C6E93-FF00-40AE-B3DD-2940B4CA93F5}.Debug|Any CPU.ActiveCfg = Debug|Any CPU
		{1A5C6E93-FF00-40AE-B3DD-2940B4CA93F5}.Debug|Any CPU.Build.0 = Debug|Any CPU
		{1A5C6E93-FF00-40AE-B3DD-2940B4CA93F5}.Release|Any CPU.ActiveCfg = Release|Any CPU
		{1A5C6E93-FF00-40AE-B3DD-2940B4CA93F5}.Release|Any CPU.Build.0 = Release|Any CPU
		{64E67991-6846-4B33-BFCB-AF988CC8C83A}.Debug|Any CPU.ActiveCfg = Debug|Any CPU
		{64E67991-6846-4B33-BFCB-AF988CC8C83A}.Debug|Any CPU.Build.0 = Debug|Any CPU
		{64E67991-6846-4B33-BFCB-AF988CC8C83A}.Release|Any CPU.ActiveCfg = Release|Any CPU
		{64E67991-6846-4B33-BFCB-AF988CC8C83A}.Release|Any CPU.Build.0 = Release|Any CPU
		{8A65AAF7-0E15-48C4-9BA8-5E994B81DFE7}.Debug|Any CPU.ActiveCfg = Debug|Any CPU
		{8A65AAF7-0E15-48C4-9BA8-5E994B81DFE7}.Debug|Any CPU.Build.0 = Debug|Any CPU
		{8A65AAF7-0E15-48C4-9BA8-5E994B81DFE7}.Release|Any CPU.ActiveCfg = Release|Any CPU
		{8A65AAF7-0E15-48C4-9BA8-5E994B81DFE7}.Release|Any CPU.Build.0 = Release|Any CPU
		{0D453FD1-CCBA-42FC-8DC5-A5991EBE8117}.Debug|Any CPU.ActiveCfg = Debug|Any CPU
		{0D453FD1-CCBA-42FC-8DC5-A5991EBE8117}.Debug|Any CPU.Build.0 = Debug|Any CPU
		{0D453FD1-CCBA-42FC-8DC5-A5991EBE8117}.Release|Any CPU.ActiveCfg = Release|Any CPU
		{0D453FD1-CCBA-42FC-8DC5-A5991EBE8117}.Release|Any CPU.Build.0 = Release|Any CPU
	EndGlobalSection
	GlobalSection(SolutionProperties) = preSolution
		HideSolutionNode = FALSE
	EndGlobalSection
	GlobalSection(ExtensibilityGlobals) = postSolution
		SolutionGuid = {46A7C96B-4CC5-4645-A792-AAE6DBF73BE3}
	EndGlobalSection
	GlobalSection(NestedProjects) = preSolution
		{0D453FD1-CCBA-42FC-8DC5-A5991EBE8117} = {DC6A907A-FB22-4AA9-8333-BF4DB04EE2E8}
	EndGlobalSection
EndGlobal
